// !$*UTF8*$!
{
	archiveVersion = 1;
	classes = {
	};
	objectVersion = 50;
	objects = {

/* Begin PBXBuildFile section */
		93260DBF21F68DC200705F41 /* AppDelegate.swift in Sources */ = {isa = PBXBuildFile; fileRef = 93260DBE21F68DC200705F41 /* AppDelegate.swift */; };
		93260DC121F68DC200705F41 /* ViewController.swift in Sources */ = {isa = PBXBuildFile; fileRef = 93260DC021F68DC200705F41 /* ViewController.swift */; };
		93260DC421F68DC200705F41 /* Main.storyboard in Resources */ = {isa = PBXBuildFile; fileRef = 93260DC221F68DC200705F41 /* Main.storyboard */; };
		93260DC621F68DC600705F41 /* Assets.xcassets in Resources */ = {isa = PBXBuildFile; fileRef = 93260DC521F68DC600705F41 /* Assets.xcassets */; };
		93260DC921F68DC600705F41 /* LaunchScreen.storyboard in Resources */ = {isa = PBXBuildFile; fileRef = 93260DC721F68DC600705F41 /* LaunchScreen.storyboard */; };
		93260DD421F68F6100705F41 /* AVFoundation.framework in Frameworks */ = {isa = PBXBuildFile; fileRef = 93260DD321F68F6100705F41 /* AVFoundation.framework */; };
		935D03EA220228E0003FB2E9 /* CircularProgressBar.swift in Sources */ = {isa = PBXBuildFile; fileRef = 935D03E9220228E0003FB2E9 /* CircularProgressBar.swift */; };
		9394124C21FFEE6300DFC961 /* AreaTrack.swift in Sources */ = {isa = PBXBuildFile; fileRef = 9394124B21FFEE6200DFC961 /* AreaTrack.swift */; };
		93A98F912200A4B100F11FC2 /* AreaTrackList.swift in Sources */ = {isa = PBXBuildFile; fileRef = 93A98F902200A4B100F11FC2 /* AreaTrackList.swift */; };
/* End PBXBuildFile section */

/* Begin PBXFileReference section */
		93260DBB21F68DC200705F41 /* SeventhContinentPlayer.app */ = {isa = PBXFileReference; explicitFileType = wrapper.application; includeInIndex = 0; path = SeventhContinentPlayer.app; sourceTree = BUILT_PRODUCTS_DIR; };
		93260DBE21F68DC200705F41 /* AppDelegate.swift */ = {isa = PBXFileReference; lastKnownFileType = sourcecode.swift; path = AppDelegate.swift; sourceTree = "<group>"; };
		93260DC021F68DC200705F41 /* ViewController.swift */ = {isa = PBXFileReference; lastKnownFileType = sourcecode.swift; path = ViewController.swift; sourceTree = "<group>"; };
		93260DC321F68DC200705F41 /* Base */ = {isa = PBXFileReference; lastKnownFileType = file.storyboard; name = Base; path = Base.lproj/Main.storyboard; sourceTree = "<group>"; };
		93260DC521F68DC600705F41 /* Assets.xcassets */ = {isa = PBXFileReference; lastKnownFileType = folder.assetcatalog; path = Assets.xcassets; sourceTree = "<group>"; };
		93260DC821F68DC600705F41 /* Base */ = {isa = PBXFileReference; lastKnownFileType = file.storyboard; name = Base; path = Base.lproj/LaunchScreen.storyboard; sourceTree = "<group>"; };
		93260DCA21F68DC600705F41 /* Info.plist */ = {isa = PBXFileReference; lastKnownFileType = text.plist.xml; path = Info.plist; sourceTree = "<group>"; };
		93260DD321F68F6100705F41 /* AVFoundation.framework */ = {isa = PBXFileReference; lastKnownFileType = wrapper.framework; name = AVFoundation.framework; path = System/Library/Frameworks/AVFoundation.framework; sourceTree = SDKROOT; };
		9343F17421F8CE2100E70DEF /* FileProvider.framework */ = {isa = PBXFileReference; lastKnownFileType = wrapper.framework; name = FileProvider.framework; path = System/Library/Frameworks/FileProvider.framework; sourceTree = SDKROOT; };
		935D03E5220219A2003FB2E9 /* UICircularProgressRing.framework */ = {isa = PBXFileReference; lastKnownFileType = wrapper.framework; name = UICircularProgressRing.framework; path = Carthage/Build/iOS/UICircularProgressRing.framework; sourceTree = "<group>"; };
		935D03E9220228E0003FB2E9 /* CircularProgressBar.swift */ = {isa = PBXFileReference; lastKnownFileType = sourcecode.swift; path = CircularProgressBar.swift; sourceTree = "<group>"; };
		9394124B21FFEE6200DFC961 /* AreaTrack.swift */ = {isa = PBXFileReference; lastKnownFileType = sourcecode.swift; path = AreaTrack.swift; sourceTree = "<group>"; };
		93A98F902200A4B100F11FC2 /* AreaTrackList.swift */ = {isa = PBXFileReference; lastKnownFileType = sourcecode.swift; path = AreaTrackList.swift; sourceTree = "<group>"; };
/* End PBXFileReference section */

/* Begin PBXFrameworksBuildPhase section */
		93260DB821F68DC200705F41 /* Frameworks */ = {
			isa = PBXFrameworksBuildPhase;
			buildActionMask = 2147483647;
			files = (
				93260DD421F68F6100705F41 /* AVFoundation.framework in Frameworks */,
			);
			runOnlyForDeploymentPostprocessing = 0;
		};
/* End PBXFrameworksBuildPhase section */

/* Begin PBXGroup section */
		93260DB221F68DC200705F41 = {
			isa = PBXGroup;
			children = (
				93260DBD21F68DC200705F41 /* SeventhContinentPlayer */,
				93260DBC21F68DC200705F41 /* Products */,
				93260DD221F68F6000705F41 /* Frameworks */,
			);
			sourceTree = "<group>";
		};
		93260DBC21F68DC200705F41 /* Products */ = {
			isa = PBXGroup;
			children = (
				93260DBB21F68DC200705F41 /* SeventhContinentPlayer.app */,
			);
			name = Products;
			sourceTree = "<group>";
		};
		93260DBD21F68DC200705F41 /* SeventhContinentPlayer */ = {
			isa = PBXGroup;
			children = (
				93260DBE21F68DC200705F41 /* AppDelegate.swift */,
				93260DC021F68DC200705F41 /* ViewController.swift */,
				93260DC221F68DC200705F41 /* Main.storyboard */,
				93260DC521F68DC600705F41 /* Assets.xcassets */,
				93260DC721F68DC600705F41 /* LaunchScreen.storyboard */,
				93260DCA21F68DC600705F41 /* Info.plist */,
				9394124B21FFEE6200DFC961 /* AreaTrack.swift */,
				93A98F902200A4B100F11FC2 /* AreaTrackList.swift */,
				935D03E9220228E0003FB2E9 /* CircularProgressBar.swift */,
			);
			path = SeventhContinentPlayer;
			sourceTree = "<group>";
		};
		93260DD221F68F6000705F41 /* Frameworks */ = {
			isa = PBXGroup;
			children = (
				935D03E5220219A2003FB2E9 /* UICircularProgressRing.framework */,
				9343F17421F8CE2100E70DEF /* FileProvider.framework */,
				93260DD321F68F6100705F41 /* AVFoundation.framework */,
			);
			name = Frameworks;
			sourceTree = "<group>";
		};
/* End PBXGroup section */

/* Begin PBXNativeTarget section */
		93260DBA21F68DC200705F41 /* SeventhContinentPlayer */ = {
			isa = PBXNativeTarget;
			buildConfigurationList = 93260DCD21F68DC600705F41 /* Build configuration list for PBXNativeTarget "SeventhContinentPlayer" */;
			buildPhases = (
				93260DB721F68DC200705F41 /* Sources */,
				93260DB821F68DC200705F41 /* Frameworks */,
				93260DB921F68DC200705F41 /* Resources */,
			);
			buildRules = (
			);
			dependencies = (
			);
			name = SeventhContinentPlayer;
			productName = SeventhContinentPlayer;
			productReference = 93260DBB21F68DC200705F41 /* SeventhContinentPlayer.app */;
			productType = "com.apple.product-type.application";
		};
/* End PBXNativeTarget section */

/* Begin PBXProject section */
		93260DB321F68DC200705F41 /* Project object */ = {
			isa = PBXProject;
			attributes = {
				LastSwiftUpdateCheck = 1010;
				LastUpgradeCheck = 1010;
				ORGANIZATIONNAME = "Aaron Tyler";
				TargetAttributes = {
					93260DBA21F68DC200705F41 = {
						CreatedOnToolsVersion = 10.1;
					};
				};
			};
			buildConfigurationList = 93260DB621F68DC200705F41 /* Build configuration list for PBXProject "SeventhContinentPlayer" */;
			compatibilityVersion = "Xcode 9.3";
			developmentRegion = en;
			hasScannedForEncodings = 0;
			knownRegions = (
				en,
				Base,
			);
			mainGroup = 93260DB221F68DC200705F41;
			productRefGroup = 93260DBC21F68DC200705F41 /* Products */;
			projectDirPath = "";
			projectRoot = "";
			targets = (
				93260DBA21F68DC200705F41 /* SeventhContinentPlayer */,
			);
		};
/* End PBXProject section */

/* Begin PBXResourcesBuildPhase section */
		93260DB921F68DC200705F41 /* Resources */ = {
			isa = PBXResourcesBuildPhase;
			buildActionMask = 2147483647;
			files = (
				93260DC921F68DC600705F41 /* LaunchScreen.storyboard in Resources */,
				93260DC621F68DC600705F41 /* Assets.xcassets in Resources */,
				93260DC421F68DC200705F41 /* Main.storyboard in Resources */,
			);
			runOnlyForDeploymentPostprocessing = 0;
		};
/* End PBXResourcesBuildPhase section */

/* Begin PBXSourcesBuildPhase section */
		93260DB721F68DC200705F41 /* Sources */ = {
			isa = PBXSourcesBuildPhase;
			buildActionMask = 2147483647;
			files = (
				93A98F912200A4B100F11FC2 /* AreaTrackList.swift in Sources */,
				9394124C21FFEE6300DFC961 /* AreaTrack.swift in Sources */,
				93260DC121F68DC200705F41 /* ViewController.swift in Sources */,
				93260DBF21F68DC200705F41 /* AppDelegate.swift in Sources */,
				935D03EA220228E0003FB2E9 /* CircularProgressBar.swift in Sources */,
			);
			runOnlyForDeploymentPostprocessing = 0;
		};
/* End PBXSourcesBuildPhase section */

/* Begin PBXVariantGroup section */
		93260DC221F68DC200705F41 /* Main.storyboard */ = {
			isa = PBXVariantGroup;
			children = (
				93260DC321F68DC200705F41 /* Base */,
			);
			name = Main.storyboard;
			sourceTree = "<group>";
		};
		93260DC721F68DC600705F41 /* LaunchScreen.storyboard */ = {
			isa = PBXVariantGroup;
			children = (
				93260DC821F68DC600705F41 /* Base */,
			);
			name = LaunchScreen.storyboard;
			sourceTree = "<group>";
		};
/* End PBXVariantGroup section */

/* Begin XCBuildConfiguration section */
		93260DCB21F68DC600705F41 /* Debug */ = {
			isa = XCBuildConfiguration;
			buildSettings = {
				ALWAYS_SEARCH_USER_PATHS = NO;
				CLANG_ANALYZER_NONNULL = YES;
				CLANG_ANALYZER_NUMBER_OBJECT_CONVERSION = YES_AGGRESSIVE;
				CLANG_CXX_LANGUAGE_STANDARD = "gnu++14";
				CLANG_CXX_LIBRARY = "libc++";
				CLANG_ENABLE_MODULES = YES;
				CLANG_ENABLE_OBJC_ARC = YES;
				CLANG_ENABLE_OBJC_WEAK = YES;
				CLANG_WARN_BLOCK_CAPTURE_AUTORELEASING = YES;
				CLANG_WARN_BOOL_CONVERSION = YES;
				CLANG_WARN_COMMA = YES;
				CLANG_WARN_CONSTANT_CONVERSION = YES;
				CLANG_WARN_DEPRECATED_OBJC_IMPLEMENTATIONS = YES;
				CLANG_WARN_DIRECT_OBJC_ISA_USAGE = YES_ERROR;
				CLANG_WARN_DOCUMENTATION_COMMENTS = YES;
				CLANG_WARN_EMPTY_BODY = YES;
				CLANG_WARN_ENUM_CONVERSION = YES;
				CLANG_WARN_INFINITE_RECURSION = YES;
				CLANG_WARN_INT_CONVERSION = YES;
				CLANG_WARN_NON_LITERAL_NULL_CONVERSION = YES;
				CLANG_WARN_OBJC_IMPLICIT_RETAIN_SELF = YES;
				CLANG_WARN_OBJC_LITERAL_CONVERSION = YES;
				CLANG_WARN_OBJC_ROOT_CLASS = YES_ERROR;
				CLANG_WARN_RANGE_LOOP_ANALYSIS = YES;
				CLANG_WARN_STRICT_PROTOTYPES = YES;
				CLANG_WARN_SUSPICIOUS_MOVE = YES;
				CLANG_WARN_UNGUARDED_AVAILABILITY = YES_AGGRESSIVE;
				CLANG_WARN_UNREACHABLE_CODE = YES;
				CLANG_WARN__DUPLICATE_METHOD_MATCH = YES;
				CODE_SIGN_IDENTITY = "iPhone Developer";
				COPY_PHASE_STRIP = NO;
				DEBUG_INFORMATION_FORMAT = dwarf;
				ENABLE_STRICT_OBJC_MSGSEND = YES;
				ENABLE_TESTABILITY = YES;
				GCC_C_LANGUAGE_STANDARD = gnu11;
				GCC_DYNAMIC_NO_PIC = NO;
				GCC_NO_COMMON_BLOCKS = YES;
				GCC_OPTIMIZATION_LEVEL = 0;
				GCC_PREPROCESSOR_DEFINITIONS = (
					"DEBUG=1",
					"$(inherited)",
				);
				GCC_WARN_64_TO_32_BIT_CONVERSION = YES;
				GCC_WARN_ABOUT_RETURN_TYPE = YES_ERROR;
				GCC_WARN_UNDECLARED_SELECTOR = YES;
				GCC_WARN_UNINITIALIZED_AUTOS = YES_AGGRESSIVE;
				GCC_WARN_UNUSED_FUNCTION = YES;
				GCC_WARN_UNUSED_VARIABLE = YES;
				IPHONEOS_DEPLOYMENT_TARGET = 12.1;
				MTL_ENABLE_DEBUG_INFO = INCLUDE_SOURCE;
				MTL_FAST_MATH = YES;
				ONLY_ACTIVE_ARCH = YES;
				SDKROOT = iphoneos;
				SWIFT_ACTIVE_COMPILATION_CONDITIONS = DEBUG;
				SWIFT_OPTIMIZATION_LEVEL = "-Onone";
			};
			name = Debug;
		};
		93260DCC21F68DC600705F41 /* Release */ = {
			isa = XCBuildConfiguration;
			buildSettings = {
				ALWAYS_SEARCH_USER_PATHS = NO;
				CLANG_ANALYZER_NONNULL = YES;
				CLANG_ANALYZER_NUMBER_OBJECT_CONVERSION = YES_AGGRESSIVE;
				CLANG_CXX_LANGUAGE_STANDARD = "gnu++14";
				CLANG_CXX_LIBRARY = "libc++";
				CLANG_ENABLE_MODULES = YES;
				CLANG_ENABLE_OBJC_ARC = YES;
				CLANG_ENABLE_OBJC_WEAK = YES;
				CLANG_WARN_BLOCK_CAPTURE_AUTORELEASING = YES;
				CLANG_WARN_BOOL_CONVERSION = YES;
				CLANG_WARN_COMMA = YES;
				CLANG_WARN_CONSTANT_CONVERSION = YES;
				CLANG_WARN_DEPRECATED_OBJC_IMPLEMENTATIONS = YES;
				CLANG_WARN_DIRECT_OBJC_ISA_USAGE = YES_ERROR;
				CLANG_WARN_DOCUMENTATION_COMMENTS = YES;
				CLANG_WARN_EMPTY_BODY = YES;
				CLANG_WARN_ENUM_CONVERSION = YES;
				CLANG_WARN_INFINITE_RECURSION = YES;
				CLANG_WARN_INT_CONVERSION = YES;
				CLANG_WARN_NON_LITERAL_NULL_CONVERSION = YES;
				CLANG_WARN_OBJC_IMPLICIT_RETAIN_SELF = YES;
				CLANG_WARN_OBJC_LITERAL_CONVERSION = YES;
				CLANG_WARN_OBJC_ROOT_CLASS = YES_ERROR;
				CLANG_WARN_RANGE_LOOP_ANALYSIS = YES;
				CLANG_WARN_STRICT_PROTOTYPES = YES;
				CLANG_WARN_SUSPICIOUS_MOVE = YES;
				CLANG_WARN_UNGUARDED_AVAILABILITY = YES_AGGRESSIVE;
				CLANG_WARN_UNREACHABLE_CODE = YES;
				CLANG_WARN__DUPLICATE_METHOD_MATCH = YES;
				CODE_SIGN_IDENTITY = "iPhone Developer";
				COPY_PHASE_STRIP = NO;
				DEBUG_INFORMATION_FORMAT = "dwarf-with-dsym";
				ENABLE_NS_ASSERTIONS = NO;
				ENABLE_STRICT_OBJC_MSGSEND = YES;
				GCC_C_LANGUAGE_STANDARD = gnu11;
				GCC_NO_COMMON_BLOCKS = YES;
				GCC_WARN_64_TO_32_BIT_CONVERSION = YES;
				GCC_WARN_ABOUT_RETURN_TYPE = YES_ERROR;
				GCC_WARN_UNDECLARED_SELECTOR = YES;
				GCC_WARN_UNINITIALIZED_AUTOS = YES_AGGRESSIVE;
				GCC_WARN_UNUSED_FUNCTION = YES;
				GCC_WARN_UNUSED_VARIABLE = YES;
				IPHONEOS_DEPLOYMENT_TARGET = 12.1;
				MTL_ENABLE_DEBUG_INFO = NO;
				MTL_FAST_MATH = YES;
				SDKROOT = iphoneos;
				SWIFT_COMPILATION_MODE = wholemodule;
				SWIFT_OPTIMIZATION_LEVEL = "-O";
				VALIDATE_PRODUCT = YES;
			};
			name = Release;
		};
		93260DCE21F68DC600705F41 /* Debug */ = {
			isa = XCBuildConfiguration;
			buildSettings = {
				ASSETCATALOG_COMPILER_APPICON_NAME = AppIcon;
				CODE_SIGN_STYLE = Automatic;
				DEVELOPMENT_TEAM = LQZ9HX53KV;
				FRAMEWORK_SEARCH_PATHS = (
					"$(inherited)",
					"$(PROJECT_DIR)/Carthage/Build/iOS",
				);
				INFOPLIST_FILE = SeventhContinentPlayer/Info.plist;
				LD_RUNPATH_SEARCH_PATHS = (
					"$(inherited)",
					"@executable_path/Frameworks",
				);
				PRODUCT_BUNDLE_IDENTIFIER = com.rhindoncomputing.SeventhContinentPlayer;
				PRODUCT_NAME = "$(TARGET_NAME)";
				SWIFT_VERSION = 4.2;
				TARGETED_DEVICE_FAMILY = "1,2";
			};
			name = Debug;
		};
		93260DCF21F68DC600705F41 /* Release */ = {
			isa = XCBuildConfiguration;
			buildSettings = {
				ASSETCATALOG_COMPILER_APPICON_NAME = AppIcon;
				CODE_SIGN_STYLE = Automatic;
				DEVELOPMENT_TEAM = LQZ9HX53KV;
				FRAMEWORK_SEARCH_PATHS = (
					"$(inherited)",
					"$(PROJECT_DIR)/Carthage/Build/iOS",
				);
				INFOPLIST_FILE = SeventhContinentPlayer/Info.plist;
				LD_RUNPATH_SEARCH_PATHS = (
					"$(inherited)",
					"@executable_path/Frameworks",
				);
				PRODUCT_BUNDLE_IDENTIFIER = com.rhindoncomputing.SeventhContinentPlayer;
				PRODUCT_NAME = "$(TARGET_NAME)";
				SWIFT_VERSION = 4.2;
				TARGETED_DEVICE_FAMILY = "1,2";
			};
			name = Release;
		};
/* End XCBuildConfiguration section */

/* Begin XCConfigurationList section */
		93260DB621F68DC200705F41 /* Build configuration list for PBXProject "SeventhContinentPlayer" */ = {
			isa = XCConfigurationList;
			buildConfigurations = (
				93260DCB21F68DC600705F41 /* Debug */,
				93260DCC21F68DC600705F41 /* Release */,
			);
			defaultConfigurationIsVisible = 0;
			defaultConfigurationName = Release;
		};
		93260DCD21F68DC600705F41 /* Build configuration list for PBXNativeTarget "SeventhContinentPlayer" */ = {
			isa = XCConfigurationList;
			buildConfigurations = (
				93260DCE21F68DC600705F41 /* Debug */,
				93260DCF21F68DC600705F41 /* Release */,
			);
			defaultConfigurationIsVisible = 0;
			defaultConfigurationName = Release;
		};
/* End XCConfigurationList section */
	};
	rootObject = 93260DB321F68DC200705F41 /* Project object */;
}
